
Microsoft Visual Studio Solution File, Format Version 12.00
# Visual Studio Version 16
VisualStudioVersion = 16.0.30503.244
MinimumVisualStudioVersion = 10.0.40219.1
Project("{FAE04EC0-301F-11D3-BF4B-00C04F79EFBC}") = "ContosoUniversity", "ContosoUniversity.csproj", "{B645E82D-BB6D-4CD2-937D-B83263A27434}"
EndProject
Global
	GlobalSection(SolutionConfigurationPlatforms) = preSolution
		Debug|Any CPU = Debug|Any CPU
		Release|Any CPU = Release|Any CPU
	EndGlobalSection
	GlobalSection(ProjectConfigurationPlatforms) = postSolution
		{B645E82D-BB6D-4CD2-937D-B83263A27434}.Debug|Any CPU.ActiveCfg = Debug|Any CPU
		{B645E82D-BB6D-4CD2-937D-B83263A27434}.Debug|Any CPU.Build.0 = Debug|Any CPU
		{B645E82D-BB6D-4CD2-937D-B83263A27434}.Release|Any CPU.ActiveCfg = Release|Any CPU
		{B645E82D-BB6D-4CD2-937D-B83263A27434}.Release|Any CPU.Build.0 = Release|Any CPU
	EndGlobalSection
	GlobalSection(SolutionProperties) = preSolution
		HideSolutionNode = FALSE
	EndGlobalSection
	GlobalSection(ExtensibilityGlobals) = postSolution
		SolutionGuid = {D013DEB3-248C-4DE3-9C3A-30094CA73850}
	EndGlobalSection
EndGlobal
